// !$*UTF8*$!
{
	archiveVersion = 1;
	classes = {
	};
	objectVersion = 46;
	objects = {

/* Begin PBXBuildFile section */
		DA5901181C5E2E61002A173F /* main.m in Sources */ = {isa = PBXBuildFile; fileRef = DA5901171C5E2E61002A173F /* main.m */; };
		DA59011B1C5E2E61002A173F /* AppDelegate.m in Sources */ = {isa = PBXBuildFile; fileRef = DA59011A1C5E2E61002A173F /* AppDelegate.m */; };
		DA59011E1C5E2E61002A173F /* MasterViewController.m in Sources */ = {isa = PBXBuildFile; fileRef = DA59011D1C5E2E61002A173F /* MasterViewController.m */; };
		DA5901211C5E2E61002A173F /* DetailViewController.m in Sources */ = {isa = PBXBuildFile; fileRef = DA5901201C5E2E61002A173F /* DetailViewController.m */; };
		DA5901241C5E2E61002A173F /* Main.storyboard in Resources */ = {isa = PBXBuildFile; fileRef = DA5901221C5E2E61002A173F /* Main.storyboard */; };
		DA5901261C5E2E61002A173F /* Assets.xcassets in Resources */ = {isa = PBXBuildFile; fileRef = DA5901251C5E2E61002A173F /* Assets.xcassets */; };
		DA5901291C5E2E61002A173F /* LaunchScreen.storyboard in Resources */ = {isa = PBXBuildFile; fileRef = DA5901271C5E2E61002A173F /* LaunchScreen.storyboard */; };
/* End PBXBuildFile section */

/* Begin PBXFileReference section */
		DA5901131C5E2E60002A173F /* BirdyApplication.app */ = {isa = PBXFileReference; explicitFileType = wrapper.application; includeInIndex = 0; path = BirdyApplication.app; sourceTree = BUILT_PRODUCTS_DIR; };
		DA5901171C5E2E61002A173F /* main.m */ = {isa = PBXFileReference; lastKnownFileType = sourcecode.c.objc; path = main.m; sourceTree = "<group>"; };
		DA5901191C5E2E61002A173F /* AppDelegate.h */ = {isa = PBXFileReference; lastKnownFileType = sourcecode.c.h; path = AppDelegate.h; sourceTree = "<group>"; };
		DA59011A1C5E2E61002A173F /* AppDelegate.m */ = {isa = PBXFileReference; lastKnownFileType = sourcecode.c.objc; path = AppDelegate.m; sourceTree = "<group>"; };
		DA59011C1C5E2E61002A173F /* MasterViewController.h */ = {isa = PBXFileReference; lastKnownFileType = sourcecode.c.h; path = MasterViewController.h; sourceTree = "<group>"; };
		DA59011D1C5E2E61002A173F /* MasterViewController.m */ = {isa = PBXFileReference; lastKnownFileType = sourcecode.c.objc; path = MasterViewController.m; sourceTree = "<group>"; };
		DA59011F1C5E2E61002A173F /* DetailViewController.h */ = {isa = PBXFileReference; lastKnownFileType = sourcecode.c.h; path = DetailViewController.h; sourceTree = "<group>"; };
		DA5901201C5E2E61002A173F /* DetailViewController.m */ = {isa = PBXFileReference; lastKnownFileType = sourcecode.c.objc; path = DetailViewController.m; sourceTree = "<group>"; };
		DA5901231C5E2E61002A173F /* Base */ = {isa = PBXFileReference; lastKnownFileType = file.storyboard; name = Base; path = Base.lproj/Main.storyboard; sourceTree = "<group>"; };
		DA5901251C5E2E61002A173F /* Assets.xcassets */ = {isa = PBXFileReference; lastKnownFileType = folder.assetcatalog; path = Assets.xcassets; sourceTree = "<group>"; };
		DA5901281C5E2E61002A173F /* Base */ = {isa = PBXFileReference; lastKnownFileType = file.storyboard; name = Base; path = Base.lproj/LaunchScreen.storyboard; sourceTree = "<group>"; };
		DA59012A1C5E2E61002A173F /* Info.plist */ = {isa = PBXFileReference; lastKnownFileType = text.plist.xml; path = Info.plist; sourceTree = "<group>"; };
/* End PBXFileReference section */

/* Begin PBXFrameworksBuildPhase section */
		DA5901101C5E2E60002A173F /* Frameworks */ = {
			isa = PBXFrameworksBuildPhase;
			buildActionMask = 2147483647;
			files = (
			);
			runOnlyForDeploymentPostprocessing = 0;
		};
/* End PBXFrameworksBuildPhase section */

/* Begin PBXGroup section */
		DA59010A1C5E2E60002A173F = {
			isa = PBXGroup;
			children = (
				DA5901151C5E2E60002A173F /* BirdyApplication */,
				DA5901141C5E2E60002A173F /* Products */,
			);
			sourceTree = "<group>";
		};
		DA5901141C5E2E60002A173F /* Products */ = {
			isa = PBXGroup;
			children = (
				DA5901131C5E2E60002A173F /* BirdyApplication.app */,
			);
			name = Products;
			sourceTree = "<group>";
		};
		DA5901151C5E2E60002A173F /* BirdyApplication */ = {
			isa = PBXGroup;
			children = (
				DA5901191C5E2E61002A173F /* AppDelegate.h */,
				DA59011A1C5E2E61002A173F /* AppDelegate.m */,
				DA59011C1C5E2E61002A173F /* MasterViewController.h */,
				DA59011D1C5E2E61002A173F /* MasterViewController.m */,
				DA59011F1C5E2E61002A173F /* DetailViewController.h */,
				DA5901201C5E2E61002A173F /* DetailViewController.m */,
				DA5901221C5E2E61002A173F /* Main.storyboard */,
				DA5901251C5E2E61002A173F /* Assets.xcassets */,
				DA5901271C5E2E61002A173F /* LaunchScreen.storyboard */,
				DA59012A1C5E2E61002A173F /* Info.plist */,
				DA5901161C5E2E60002A173F /* Supporting Files */,
			);
			path = BirdyApplication;
			sourceTree = "<group>";
		};
		DA5901161C5E2E60002A173F /* Supporting Files */ = {
			isa = PBXGroup;
			children = (
				DA5901171C5E2E61002A173F /* main.m */,
			);
			name = "Supporting Files";
			sourceTree = "<group>";
		};
/* End PBXGroup section */

/* Begin PBXNativeTarget section */
		DA5901121C5E2E60002A173F /* BirdyApplication */ = {
			isa = PBXNativeTarget;
			buildConfigurationList = DA59012D1C5E2E61002A173F /* Build configuration list for PBXNativeTarget "BirdyApplication" */;
			buildPhases = (
				DA59010F1C5E2E60002A173F /* Sources */,
				DA5901101C5E2E60002A173F /* Frameworks */,
				DA5901111C5E2E60002A173F /* Resources */,
			);
			buildRules = (
			);
			dependencies = (
			);
			name = BirdyApplication;
			productName = BirdyApplication;
			productReference = DA5901131C5E2E60002A173F /* BirdyApplication.app */;
			productType = "com.apple.product-type.application";
		};
/* End PBXNativeTarget section */

/* Begin PBXProject section */
		DA59010B1C5E2E60002A173F /* Project object */ = {
			isa = PBXProject;
			attributes = {
				LastUpgradeCheck = 0710;
				ORGANIZATIONNAME = veso;
				TargetAttributes = {
					DA5901121C5E2E60002A173F = {
						CreatedOnToolsVersion = 7.1.1;
					};
				};
			};
			buildConfigurationList = DA59010E1C5E2E60002A173F /* Build configuration list for PBXProject "BirdyApplication" */;
			compatibilityVersion = "Xcode 3.2";
			developmentRegion = English;
			hasScannedForEncodings = 0;
			knownRegions = (
				en,
				Base,
			);
			mainGroup = DA59010A1C5E2E60002A173F;
			productRefGroup = DA5901141C5E2E60002A173F /* Products */;
			projectDirPath = "";
			projectRoot = "";
			targets = (
				DA5901121C5E2E60002A173F /* BirdyApplication */,
			);
		};
/* End PBXProject section */

/* Begin PBXResourcesBuildPhase section */
		DA5901111C5E2E60002A173F /* Resources */ = {
			isa = PBXResourcesBuildPhase;
			buildActionMask = 2147483647;
			files = (
				DA5901291C5E2E61002A173F /* LaunchScreen.storyboard in Resources */,
				DA5901261C5E2E61002A173F /* Assets.xcassets in Resources */,
				DA5901241C5E2E61002A173F /* Main.storyboard in Resources */,
			);
			runOnlyForDeploymentPostprocessing = 0;
		};
/* End PBXResourcesBuildPhase section */

/* Begin PBXSourcesBuildPhase section */
		DA59010F1C5E2E60002A173F /* Sources */ = {
			isa = PBXSourcesBuildPhase;
			buildActionMask = 2147483647;
			files = (
				DA59011B1C5E2E61002A173F /* AppDelegate.m in Sources */,
				DA59011E1C5E2E61002A173F /* MasterViewController.m in Sources */,
				DA5901181C5E2E61002A173F /* main.m in Sources */,
				DA5901211C5E2E61002A173F /* DetailViewController.m in Sources */,
			);
			runOnlyForDeploymentPostprocessing = 0;
		};
/* End PBXSourcesBuildPhase section */

/* Begin PBXVariantGroup section */
		DA5901221C5E2E61002A173F /* Main.storyboard */ = {
			isa = PBXVariantGroup;
			children = (
				DA5901231C5E2E61002A173F /* Base */,
			);
			name = Main.storyboard;
			sourceTree = "<group>";
		};
		DA5901271C5E2E61002A173F /* LaunchScreen.storyboard */ = {
			isa = PBXVariantGroup;
			children = (
				DA5901281C5E2E61002A173F /* Base */,
			);
			name = LaunchScreen.storyboard;
			sourceTree = "<group>";
		};
/* End PBXVariantGroup section */

/* Begin XCBuildConfiguration section */
		DA59012B1C5E2E61002A173F /* Debug */ = {
			isa = XCBuildConfiguration;
			buildSettings = {
				ALWAYS_SEARCH_USER_PATHS = NO;
				CLANG_CXX_LANGUAGE_STANDARD = "gnu++0x";
				CLANG_CXX_LIBRARY = "libc++";
				CLANG_ENABLE_MODULES = YES;
				CLANG_ENABLE_OBJC_ARC = YES;
				CLANG_WARN_BOOL_CONVERSION = YES;
				CLANG_WARN_CONSTANT_CONVERSION = YES;
				CLANG_WARN_DIRECT_OBJC_ISA_USAGE = YES_ERROR;
				CLANG_WARN_EMPTY_BODY = YES;
				CLANG_WARN_ENUM_CONVERSION = YES;
				CLANG_WARN_INT_CONVERSION = YES;
				CLANG_WARN_OBJC_ROOT_CLASS = YES_ERROR;
				CLANG_WARN_UNREACHABLE_CODE = YES;
				CLANG_WARN__DUPLICATE_METHOD_MATCH = YES;
				"CODE_SIGN_IDENTITY[sdk=iphoneos*]" = "iPhone Developer";
				COPY_PHASE_STRIP = NO;
				DEBUG_INFORMATION_FORMAT = dwarf;
				ENABLE_STRICT_OBJC_MSGSEND = YES;
				ENABLE_TESTABILITY = YES;
				GCC_C_LANGUAGE_STANDARD = gnu99;
				GCC_DYNAMIC_NO_PIC = NO;
				GCC_NO_COMMON_BLOCKS = YES;
				GCC_OPTIMIZATION_LEVEL = 0;
				GCC_PREPROCESSOR_DEFINITIONS = (
					"DEBUG=1",
					"$(inherited)",
				);
				GCC_WARN_64_TO_32_BIT_CONVERSION = YES;
				GCC_WARN_ABOUT_RETURN_TYPE = YES_ERROR;
				GCC_WARN_UNDECLARED_SELECTOR = YES;
				GCC_WARN_UNINITIALIZED_AUTOS = YES_AGGRESSIVE;
				GCC_WARN_UNUSED_FUNCTION = YES;
				GCC_WARN_UNUSED_VARIABLE = YES;
				IPHONEOS_DEPLOYMENT_TARGET = 9.1;
				MTL_ENABLE_DEBUG_INFO = YES;
				ONLY_ACTIVE_ARCH = YES;
				SDKROOT = iphoneos;
				TARGETED_DEVICE_FAMILY = "1,2";
			};
			name = Debug;
		};
		DA59012C1C5E2E61002A173F /* Release */ = {
			isa = XCBuildConfiguration;
			buildSettings = {
				ALWAYS_SEARCH_USER_PATHS = NO;
				CLANG_CXX_LANGUAGE_STANDARD = "gnu++0x";
				CLANG_CXX_LIBRARY = "libc++";
				CLANG_ENABLE_MODULES = YES;
				CLANG_ENABLE_OBJC_ARC = YES;
				CLANG_WARN_BOOL_CONVERSION = YES;
				CLANG_WARN_CONSTANT_CONVERSION = YES;
				CLANG_WARN_DIRECT_OBJC_ISA_USAGE = YES_ERROR;
				CLANG_WARN_EMPTY_BODY = YES;
				CLANG_WARN_ENUM_CONVERSION = YES;
				CLANG_WARN_INT_CONVERSION = YES;
				CLANG_WARN_OBJC_ROOT_CLASS = YES_ERROR;
				CLANG_WARN_UNREACHABLE_CODE = YES;
				CLANG_WARN__DUPLICATE_METHOD_MATCH = YES;
				"CODE_SIGN_IDENTITY[sdk=iphoneos*]" = "iPhone Developer";
				COPY_PHASE_STRIP = NO;
				DEBUG_INFORMATION_FORMAT = "dwarf-with-dsym";
				ENABLE_NS_ASSERTIONS = NO;
				ENABLE_STRICT_OBJC_MSGSEND = YES;
				GCC_C_LANGUAGE_STANDARD = gnu99;
				GCC_NO_COMMON_BLOCKS = YES;
				GCC_WARN_64_TO_32_BIT_CONVERSION = YES;
				GCC_WARN_ABOUT_RETURN_TYPE = YES_ERROR;
				GCC_WARN_UNDECLARED_SELECTOR = YES;
				GCC_WARN_UNINITIALIZED_AUTOS = YES_AGGRESSIVE;
				GCC_WARN_UNUSED_FUNCTION = YES;
				GCC_WARN_UNUSED_VARIABLE = YES;
				IPHONEOS_DEPLOYMENT_TARGET = 9.1;
				MTL_ENABLE_DEBUG_INFO = NO;
				SDKROOT = iphoneos;
				TARGETED_DEVICE_FAMILY = "1,2";
				VALIDATE_PRODUCT = YES;
			};
			name = Release;
		};
		DA59012E1C5E2E61002A173F /* Debug */ = {
			isa = XCBuildConfiguration;
			buildSettings = {
				ASSETCATALOG_COMPILER_APPICON_NAME = AppIcon;
				INFOPLIST_FILE = BirdyApplication/Info.plist;
				LD_RUNPATH_SEARCH_PATHS = "$(inherited) @executable_path/Frameworks";
				PRODUCT_BUNDLE_IDENTIFIER = home.BirdyApplication;
				PRODUCT_NAME = "$(TARGET_NAME)";
			};
			name = Debug;
		};
		DA59012F1C5E2E61002A173F /* Release */ = {
			isa = XCBuildConfiguration;
			buildSettings = {
				ASSETCATALOG_COMPILER_APPICON_NAME = AppIcon;
				INFOPLIST_FILE = BirdyApplication/Info.plist;
				LD_RUNPATH_SEARCH_PATHS = "$(inherited) @executable_path/Frameworks";
				PRODUCT_BUNDLE_IDENTIFIER = home.BirdyApplication;
				PRODUCT_NAME = "$(TARGET_NAME)";
			};
			name = Release;
		};
/* End XCBuildConfiguration section */

/* Begin XCConfigurationList section */
		DA59010E1C5E2E60002A173F /* Build configuration list for PBXProject "BirdyApplication" */ = {
			isa = XCConfigurationList;
			buildConfigurations = (
				DA59012B1C5E2E61002A173F /* Debug */,
				DA59012C1C5E2E61002A173F /* Release */,
			);
			defaultConfigurationIsVisible = 0;
			defaultConfigurationName = Release;
		};
		DA59012D1C5E2E61002A173F /* Build configuration list for PBXNativeTarget "BirdyApplication" */ = {
			isa = XCConfigurationList;
			buildConfigurations = (
				DA59012E1C5E2E61002A173F /* Debug */,
				DA59012F1C5E2E61002A173F /* Release */,
			);
			defaultConfigurationIsVisible = 0;
		};
/* End XCConfigurationList section */
	};
	rootObject = DA59010B1C5E2E60002A173F /* Project object */;
}
